
Microsoft Visual Studio Solution File, Format Version 12.00
# Visual Studio Version 16
VisualStudioVersion = 16.0.29613.14
MinimumVisualStudioVersion = 10.0.40219.1
Project("{FAE04EC0-301F-11D3-BF4B-00C04F79EFBC}") = "OVC.Demo.Queue.Reciever", "OVC.Demo.Queue.Reciever\OVC.Demo.Queue.Reciever.csproj", "{1291608E-94CC-4F33-B87E-A2A2629B4594}"
EndProject
Global
	GlobalSection(SolutionConfigurationPlatforms) = preSolution
		Debug|Any CPU = Debug|Any CPU
		Release|Any CPU = Release|Any CPU
	EndGlobalSection
	GlobalSection(ProjectConfigurationPlatforms) = postSolution
		{1291608E-94CC-4F33-B87E-A2A2629B4594}.Debug|Any CPU.ActiveCfg = Debug|Any CPU
		{1291608E-94CC-4F33-B87E-A2A2629B4594}.Debug|Any CPU.Build.0 = Debug|Any CPU
		{1291608E-94CC-4F33-B87E-A2A2629B4594}.Release|Any CPU.ActiveCfg = Release|Any CPU
		{1291608E-94CC-4F33-B87E-A2A2629B4594}.Release|Any CPU.Build.0 = Release|Any CPU
	EndGlobalSection
	GlobalSection(SolutionProperties) = preSolution
		HideSolutionNode = FALSE
	EndGlobalSection
	GlobalSection(ExtensibilityGlobals) = postSolution
		SolutionGuid = {B290F572-98FB-4ADD-A004-5941D0D3083B}
	EndGlobalSection
EndGlobal
